// !$*UTF8*$!
{
	archiveVersion = 1;
	classes = {
	};
	objectVersion = 50;
	objects = {

/* Begin PBXBuildFile section */
		333B148521C8D4BD003DBF82 /* CollectionViewNormalCell.swift in Sources */ = {isa = PBXBuildFile; fileRef = 333B148321C8D4BD003DBF82 /* CollectionViewNormalCell.swift */; };
		333B148621C8D4BD003DBF82 /* CollectionViewNormalCell.xib in Resources */ = {isa = PBXBuildFile; fileRef = 333B148421C8D4BD003DBF82 /* CollectionViewNormalCell.xib */; };
		33AEDB1F21C3512C00310778 /* AppDelegate.swift in Sources */ = {isa = PBXBuildFile; fileRef = 33AEDB1E21C3512C00310778 /* AppDelegate.swift */; };
		33AEDB2121C3512C00310778 /* ViewController.swift in Sources */ = {isa = PBXBuildFile; fileRef = 33AEDB2021C3512C00310778 /* ViewController.swift */; };
		33AEDB2421C3512C00310778 /* Main.storyboard in Resources */ = {isa = PBXBuildFile; fileRef = 33AEDB2221C3512C00310778 /* Main.storyboard */; };
		33AEDB2621C3512E00310778 /* Assets.xcassets in Resources */ = {isa = PBXBuildFile; fileRef = 33AEDB2521C3512E00310778 /* Assets.xcassets */; };
		33AEDB2921C3512E00310778 /* LaunchScreen.storyboard in Resources */ = {isa = PBXBuildFile; fileRef = 33AEDB2721C3512E00310778 /* LaunchScreen.storyboard */; };
		33AEDB4421C3881D00310778 /* MainViewViewController.swift in Sources */ = {isa = PBXBuildFile; fileRef = 33AEDB4321C3881D00310778 /* MainViewViewController.swift */; };
		33AEDB4721C3892800310778 /* HomeViewController.swift in Sources */ = {isa = PBXBuildFile; fileRef = 33AEDB4521C3892800310778 /* HomeViewController.swift */; };
		33AEDB5921C3982F00310778 /* Home.storyboard in Resources */ = {isa = PBXBuildFile; fileRef = 33AEDB5821C3982F00310778 /* Home.storyboard */; };
		33AEDB5B21C39A8500310778 /* Live.storyboard in Resources */ = {isa = PBXBuildFile; fileRef = 33AEDB5A21C39A8500310778 /* Live.storyboard */; };
		33AEDB5F21C39ACF00310778 /* Profile.storyboard in Resources */ = {isa = PBXBuildFile; fileRef = 33AEDB5E21C39ACF00310778 /* Profile.storyboard */; };
		33AEDB6121C39B0200310778 /* Follow.storyboard in Resources */ = {isa = PBXBuildFile; fileRef = 33AEDB6021C39B0200310778 /* Follow.storyboard */; };
		33AEDB6421C73BD100310778 /* UIBarButtonItem-Extension.swift in Sources */ = {isa = PBXBuildFile; fileRef = 33AEDB6321C73BD100310778 /* UIBarButtonItem-Extension.swift */; };
		33AEDB6721C7449A00310778 /* PageTitleView.swift in Sources */ = {isa = PBXBuildFile; fileRef = 33AEDB6621C7449A00310778 /* PageTitleView.swift */; };
		33AEDB6921C7462500310778 /* Common.swift in Sources */ = {isa = PBXBuildFile; fileRef = 33AEDB6821C7462500310778 /* Common.swift */; };
		33AEDB6B21C785DD00310778 /* PageContentView.swift in Sources */ = {isa = PBXBuildFile; fileRef = 33AEDB6A21C785DD00310778 /* PageContentView.swift */; };
		33AEDB6D21C787E500310778 /* UIColor-Extension.swift in Sources */ = {isa = PBXBuildFile; fileRef = 33AEDB6C21C787E500310778 /* UIColor-Extension.swift */; };
		33AEDB6F21C89F2200310778 /* RecommendViewController.swift in Sources */ = {isa = PBXBuildFile; fileRef = 33AEDB6E21C89F2200310778 /* RecommendViewController.swift */; };
		33AEDB7221C8CFFA00310778 /* CollectionHeaderView.swift in Sources */ = {isa = PBXBuildFile; fileRef = 33AEDB7021C8CFFA00310778 /* CollectionHeaderView.swift */; };
		33AEDB7321C8CFFA00310778 /* CollectionHeaderView.xib in Resources */ = {isa = PBXBuildFile; fileRef = 33AEDB7121C8CFFA00310778 /* CollectionHeaderView.xib */; };
/* End PBXBuildFile section */

/* Begin PBXFileReference section */
		333B148321C8D4BD003DBF82 /* CollectionViewNormalCell.swift */ = {isa = PBXFileReference; lastKnownFileType = sourcecode.swift; path = CollectionViewNormalCell.swift; sourceTree = "<group>"; };
		333B148421C8D4BD003DBF82 /* CollectionViewNormalCell.xib */ = {isa = PBXFileReference; lastKnownFileType = file.xib; path = CollectionViewNormalCell.xib; sourceTree = "<group>"; };
		33AEDB1B21C3512C00310778 /* StudyDYZB.app */ = {isa = PBXFileReference; explicitFileType = wrapper.application; includeInIndex = 0; path = StudyDYZB.app; sourceTree = BUILT_PRODUCTS_DIR; };
		33AEDB1E21C3512C00310778 /* AppDelegate.swift */ = {isa = PBXFileReference; lastKnownFileType = sourcecode.swift; path = AppDelegate.swift; sourceTree = "<group>"; };
		33AEDB2021C3512C00310778 /* ViewController.swift */ = {isa = PBXFileReference; lastKnownFileType = sourcecode.swift; path = ViewController.swift; sourceTree = "<group>"; };
		33AEDB2321C3512C00310778 /* Base */ = {isa = PBXFileReference; lastKnownFileType = file.storyboard; name = Base; path = Base.lproj/Main.storyboard; sourceTree = "<group>"; };
		33AEDB2521C3512E00310778 /* Assets.xcassets */ = {isa = PBXFileReference; lastKnownFileType = folder.assetcatalog; path = Assets.xcassets; sourceTree = "<group>"; };
		33AEDB2821C3512E00310778 /* Base */ = {isa = PBXFileReference; lastKnownFileType = file.storyboard; name = Base; path = Base.lproj/LaunchScreen.storyboard; sourceTree = "<group>"; };
		33AEDB2A21C3512E00310778 /* Info.plist */ = {isa = PBXFileReference; lastKnownFileType = text.plist.xml; path = Info.plist; sourceTree = "<group>"; };
		33AEDB4321C3881D00310778 /* MainViewViewController.swift */ = {isa = PBXFileReference; lastKnownFileType = sourcecode.swift; path = MainViewViewController.swift; sourceTree = "<group>"; };
		33AEDB4521C3892800310778 /* HomeViewController.swift */ = {isa = PBXFileReference; lastKnownFileType = sourcecode.swift; path = HomeViewController.swift; sourceTree = "<group>"; };
		33AEDB5821C3982F00310778 /* Home.storyboard */ = {isa = PBXFileReference; lastKnownFileType = file.storyboard; path = Home.storyboard; sourceTree = "<group>"; };
		33AEDB5A21C39A8500310778 /* Live.storyboard */ = {isa = PBXFileReference; lastKnownFileType = file.storyboard; path = Live.storyboard; sourceTree = "<group>"; };
		33AEDB5E21C39ACF00310778 /* Profile.storyboard */ = {isa = PBXFileReference; lastKnownFileType = file.storyboard; path = Profile.storyboard; sourceTree = "<group>"; };
		33AEDB6021C39B0200310778 /* Follow.storyboard */ = {isa = PBXFileReference; lastKnownFileType = file.storyboard; path = Follow.storyboard; sourceTree = "<group>"; };
		33AEDB6321C73BD100310778 /* UIBarButtonItem-Extension.swift */ = {isa = PBXFileReference; lastKnownFileType = sourcecode.swift; path = "UIBarButtonItem-Extension.swift"; sourceTree = "<group>"; };
		33AEDB6621C7449A00310778 /* PageTitleView.swift */ = {isa = PBXFileReference; lastKnownFileType = sourcecode.swift; path = PageTitleView.swift; sourceTree = "<group>"; };
		33AEDB6821C7462500310778 /* Common.swift */ = {isa = PBXFileReference; lastKnownFileType = sourcecode.swift; path = Common.swift; sourceTree = "<group>"; };
		33AEDB6A21C785DD00310778 /* PageContentView.swift */ = {isa = PBXFileReference; lastKnownFileType = sourcecode.swift; path = PageContentView.swift; sourceTree = "<group>"; };
		33AEDB6C21C787E500310778 /* UIColor-Extension.swift */ = {isa = PBXFileReference; lastKnownFileType = sourcecode.swift; path = "UIColor-Extension.swift"; sourceTree = "<group>"; };
		33AEDB6E21C89F2200310778 /* RecommendViewController.swift */ = {isa = PBXFileReference; lastKnownFileType = sourcecode.swift; path = RecommendViewController.swift; sourceTree = "<group>"; };
		33AEDB7021C8CFFA00310778 /* CollectionHeaderView.swift */ = {isa = PBXFileReference; lastKnownFileType = sourcecode.swift; path = CollectionHeaderView.swift; sourceTree = "<group>"; };
		33AEDB7121C8CFFA00310778 /* CollectionHeaderView.xib */ = {isa = PBXFileReference; lastKnownFileType = file.xib; path = CollectionHeaderView.xib; sourceTree = "<group>"; };
/* End PBXFileReference section */

/* Begin PBXFrameworksBuildPhase section */
		33AEDB1821C3512C00310778 /* Frameworks */ = {
			isa = PBXFrameworksBuildPhase;
			buildActionMask = 2147483647;
			files = (
			);
			runOnlyForDeploymentPostprocessing = 0;
		};
/* End PBXFrameworksBuildPhase section */

/* Begin PBXGroup section */
		33AEDB1221C3512C00310778 = {
			isa = PBXGroup;
			children = (
				33AEDB1D21C3512C00310778 /* StudyDYZB */,
				33AEDB1C21C3512C00310778 /* Products */,
			);
			sourceTree = "<group>";
		};
		33AEDB1C21C3512C00310778 /* Products */ = {
			isa = PBXGroup;
			children = (
				33AEDB1B21C3512C00310778 /* StudyDYZB.app */,
			);
			name = Products;
			sourceTree = "<group>";
		};
		33AEDB1D21C3512C00310778 /* StudyDYZB */ = {
			isa = PBXGroup;
			children = (
				33AEDB3121C359F200310778 /* Classes */,
				33AEDB1E21C3512C00310778 /* AppDelegate.swift */,
				33AEDB2021C3512C00310778 /* ViewController.swift */,
				33AEDB2521C3512E00310778 /* Assets.xcassets */,
				33AEDB2721C3512E00310778 /* LaunchScreen.storyboard */,
				33AEDB2A21C3512E00310778 /* Info.plist */,
			);
			path = StudyDYZB;
			sourceTree = "<group>";
		};
		33AEDB3121C359F200310778 /* Classes */ = {
			isa = PBXGroup;
			children = (
				33AEDB3721C35A6A00310778 /* Follow */,
				33AEDB3621C35A6200310778 /* Profile */,
				33AEDB3521C35A5700310778 /* Main */,
				33AEDB3421C35A4F00310778 /* Live */,
				33AEDB3321C35A4700310778 /* Home */,
				33AEDB3221C35A3B00310778 /* Tools */,
			);
			path = Classes;
			sourceTree = "<group>";
		};
		33AEDB3221C35A3B00310778 /* Tools */ = {
			isa = PBXGroup;
			children = (
				33AEDB6221C73BA800310778 /* Extension */,
				33AEDB6821C7462500310778 /* Common.swift */,
			);
			path = Tools;
			sourceTree = "<group>";
		};
		33AEDB3321C35A4700310778 /* Home */ = {
			isa = PBXGroup;
			children = (
				33AEDB4B21C3979000310778 /* Model */,
				33AEDB4A21C3978800310778 /* View */,
				33AEDB4921C3977900310778 /* Controller */,
			);
			path = Home;
			sourceTree = "<group>";
		};
		33AEDB3421C35A4F00310778 /* Live */ = {
			isa = PBXGroup;
			children = (
				33AEDB4E21C397B500310778 /* Model */,
				33AEDB4D21C397B000310778 /* View */,
				33AEDB4C21C397A500310778 /* Controller */,
				33AEDB5A21C39A8500310778 /* Live.storyboard */,
			);
			path = Live;
			sourceTree = "<group>";
		};
		33AEDB3521C35A5700310778 /* Main */ = {
			isa = PBXGroup;
			children = (
				33AEDB5121C397C700310778 /* Model */,
				33AEDB5021C397C200310778 /* View */,
				33AEDB4F21C397BA00310778 /* Controller */,
				33AEDB2221C3512C00310778 /* Main.storyboard */,
			);
			path = Main;
			sourceTree = "<group>";
		};
		33AEDB3621C35A6200310778 /* Profile */ = {
			isa = PBXGroup;
			children = (
				33AEDB5421C397D800310778 /* Model */,
				33AEDB5321C397D300310778 /* View */,
				33AEDB5221C397CC00310778 /* Controller */,
				33AEDB5E21C39ACF00310778 /* Profile.storyboard */,
			);
			path = Profile;
			sourceTree = "<group>";
		};
		33AEDB3721C35A6A00310778 /* Follow */ = {
			isa = PBXGroup;
			children = (
				33AEDB5721C397EF00310778 /* Model */,
				33AEDB5621C397E900310778 /* View */,
				33AEDB5521C397E200310778 /* Controller */,
				33AEDB6021C39B0200310778 /* Follow.storyboard */,
			);
			path = Follow;
			sourceTree = "<group>";
		};
		33AEDB4921C3977900310778 /* Controller */ = {
			isa = PBXGroup;
			children = (
				33AEDB5821C3982F00310778 /* Home.storyboard */,
				33AEDB4521C3892800310778 /* HomeViewController.swift */,
				33AEDB6E21C89F2200310778 /* RecommendViewController.swift */,
			);
			path = Controller;
			sourceTree = "<group>";
		};
		33AEDB4A21C3978800310778 /* View */ = {
			isa = PBXGroup;
			children = (
				33AEDB7021C8CFFA00310778 /* CollectionHeaderView.swift */,
				33AEDB7121C8CFFA00310778 /* CollectionHeaderView.xib */,
			);
			path = View;
			sourceTree = "<group>";
		};
		33AEDB4B21C3979000310778 /* Model */ = {
			isa = PBXGroup;
			children = (
			);
			path = Model;
			sourceTree = "<group>";
		};
		33AEDB4C21C397A500310778 /* Controller */ = {
			isa = PBXGroup;
			children = (
			);
			path = Controller;
			sourceTree = "<group>";
		};
		33AEDB4D21C397B000310778 /* View */ = {
			isa = PBXGroup;
			children = (
			);
			path = View;
			sourceTree = "<group>";
		};
		33AEDB4E21C397B500310778 /* Model */ = {
			isa = PBXGroup;
			children = (
			);
			path = Model;
			sourceTree = "<group>";
		};
		33AEDB4F21C397BA00310778 /* Controller */ = {
			isa = PBXGroup;
			children = (
				33AEDB4321C3881D00310778 /* MainViewViewController.swift */,
			);
			path = Controller;
			sourceTree = "<group>";
		};
		33AEDB5021C397C200310778 /* View */ = {
			isa = PBXGroup;
			children = (
				33AEDB6621C7449A00310778 /* PageTitleView.swift */,
				33AEDB6A21C785DD00310778 /* PageContentView.swift */,
				333B148321C8D4BD003DBF82 /* CollectionViewNormalCell.swift */,
				333B148421C8D4BD003DBF82 /* CollectionViewNormalCell.xib */,
			);
			path = View;
			sourceTree = "<group>";
		};
		33AEDB5121C397C700310778 /* Model */ = {
			isa = PBXGroup;
			children = (
			);
			path = Model;
			sourceTree = "<group>";
		};
		33AEDB5221C397CC00310778 /* Controller */ = {
			isa = PBXGroup;
			children = (
			);
			path = Controller;
			sourceTree = "<group>";
		};
		33AEDB5321C397D300310778 /* View */ = {
			isa = PBXGroup;
			children = (
			);
			path = View;
			sourceTree = "<group>";
		};
		33AEDB5421C397D800310778 /* Model */ = {
			isa = PBXGroup;
			children = (
			);
			path = Model;
			sourceTree = "<group>";
		};
		33AEDB5521C397E200310778 /* Controller */ = {
			isa = PBXGroup;
			children = (
			);
			path = Controller;
			sourceTree = "<group>";
		};
		33AEDB5621C397E900310778 /* View */ = {
			isa = PBXGroup;
			children = (
			);
			path = View;
			sourceTree = "<group>";
		};
		33AEDB5721C397EF00310778 /* Model */ = {
			isa = PBXGroup;
			children = (
			);
			path = Model;
			sourceTree = "<group>";
		};
		33AEDB6221C73BA800310778 /* Extension */ = {
			isa = PBXGroup;
			children = (
				33AEDB6321C73BD100310778 /* UIBarButtonItem-Extension.swift */,
				33AEDB6C21C787E500310778 /* UIColor-Extension.swift */,
			);
			path = Extension;
			sourceTree = "<group>";
		};
/* End PBXGroup section */

/* Begin PBXNativeTarget section */
		33AEDB1A21C3512C00310778 /* StudyDYZB */ = {
			isa = PBXNativeTarget;
			buildConfigurationList = 33AEDB2D21C3512E00310778 /* Build configuration list for PBXNativeTarget "StudyDYZB" */;
			buildPhases = (
				33AEDB1721C3512C00310778 /* Sources */,
				33AEDB1821C3512C00310778 /* Frameworks */,
				33AEDB1921C3512C00310778 /* Resources */,
			);
			buildRules = (
			);
			dependencies = (
			);
			name = StudyDYZB;
			productName = StudyDYZB;
			productReference = 33AEDB1B21C3512C00310778 /* StudyDYZB.app */;
			productType = "com.apple.product-type.application";
		};
/* End PBXNativeTarget section */

/* Begin PBXProject section */
		33AEDB1321C3512C00310778 /* Project object */ = {
			isa = PBXProject;
			attributes = {
				LastSwiftUpdateCheck = 0940;
				LastUpgradeCheck = 0940;
				ORGANIZATIONNAME = yyk;
				TargetAttributes = {
					33AEDB1A21C3512C00310778 = {
						CreatedOnToolsVersion = 9.4;
					};
				};
			};
			buildConfigurationList = 33AEDB1621C3512C00310778 /* Build configuration list for PBXProject "StudyDYZB" */;
			compatibilityVersion = "Xcode 9.3";
			developmentRegion = en;
			hasScannedForEncodings = 0;
			knownRegions = (
				en,
				Base,
			);
			mainGroup = 33AEDB1221C3512C00310778;
			productRefGroup = 33AEDB1C21C3512C00310778 /* Products */;
			projectDirPath = "";
			projectRoot = "";
			targets = (
				33AEDB1A21C3512C00310778 /* StudyDYZB */,
			);
		};
/* End PBXProject section */

/* Begin PBXResourcesBuildPhase section */
		33AEDB1921C3512C00310778 /* Resources */ = {
			isa = PBXResourcesBuildPhase;
			buildActionMask = 2147483647;
			files = (
				33AEDB5F21C39ACF00310778 /* Profile.storyboard in Resources */,
				33AEDB7321C8CFFA00310778 /* CollectionHeaderView.xib in Resources */,
				33AEDB2921C3512E00310778 /* LaunchScreen.storyboard in Resources */,
				33AEDB2621C3512E00310778 /* Assets.xcassets in Resources */,
				33AEDB2421C3512C00310778 /* Main.storyboard in Resources */,
				333B148621C8D4BD003DBF82 /* CollectionViewNormalCell.xib in Resources */,
				33AEDB6121C39B0200310778 /* Follow.storyboard in Resources */,
				33AEDB5B21C39A8500310778 /* Live.storyboard in Resources */,
				33AEDB5921C3982F00310778 /* Home.storyboard in Resources */,
			);
			runOnlyForDeploymentPostprocessing = 0;
		};
/* End PBXResourcesBuildPhase section */

/* Begin PBXSourcesBuildPhase section */
		33AEDB1721C3512C00310778 /* Sources */ = {
			isa = PBXSourcesBuildPhase;
			buildActionMask = 2147483647;
			files = (
				33AEDB6721C7449A00310778 /* PageTitleView.swift in Sources */,
				33AEDB7221C8CFFA00310778 /* CollectionHeaderView.swift in Sources */,
				33AEDB6421C73BD100310778 /* UIBarButtonItem-Extension.swift in Sources */,
				33AEDB2121C3512C00310778 /* ViewController.swift in Sources */,
				33AEDB6B21C785DD00310778 /* PageContentView.swift in Sources */,
				333B148521C8D4BD003DBF82 /* CollectionViewNormalCell.swift in Sources */,
				33AEDB6D21C787E500310778 /* UIColor-Extension.swift in Sources */,
				33AEDB4421C3881D00310778 /* MainViewViewController.swift in Sources */,
				33AEDB1F21C3512C00310778 /* AppDelegate.swift in Sources */,
				33AEDB4721C3892800310778 /* HomeViewController.swift in Sources */,
				33AEDB6921C7462500310778 /* Common.swift in Sources */,
				33AEDB6F21C89F2200310778 /* RecommendViewController.swift in Sources */,
			);
			runOnlyForDeploymentPostprocessing = 0;
		};
/* End PBXSourcesBuildPhase section */

/* Begin PBXVariantGroup section */
		33AEDB2221C3512C00310778 /* Main.storyboard */ = {
			isa = PBXVariantGroup;
			children = (
				33AEDB2321C3512C00310778 /* Base */,
			);
			name = Main.storyboard;
			sourceTree = "<group>";
		};
		33AEDB2721C3512E00310778 /* LaunchScreen.storyboard */ = {
			isa = PBXVariantGroup;
			children = (
				33AEDB2821C3512E00310778 /* Base */,
			);
			name = LaunchScreen.storyboard;
			sourceTree = "<group>";
		};
/* End PBXVariantGroup section */

/* Begin XCBuildConfiguration section */
		33AEDB2B21C3512E00310778 /* Debug */ = {
			isa = XCBuildConfiguration;
			buildSettings = {
				ALWAYS_SEARCH_USER_PATHS = NO;
				CLANG_ANALYZER_NONNULL = YES;
				CLANG_ANALYZER_NUMBER_OBJECT_CONVERSION = YES_AGGRESSIVE;
				CLANG_CXX_LANGUAGE_STANDARD = "gnu++14";
				CLANG_CXX_LIBRARY = "libc++";
				CLANG_ENABLE_MODULES = YES;
				CLANG_ENABLE_OBJC_ARC = YES;
				CLANG_ENABLE_OBJC_WEAK = YES;
				CLANG_WARN_BLOCK_CAPTURE_AUTORELEASING = YES;
				CLANG_WARN_BOOL_CONVERSION = YES;
				CLANG_WARN_COMMA = YES;
				CLANG_WARN_CONSTANT_CONVERSION = YES;
				CLANG_WARN_DEPRECATED_OBJC_IMPLEMENTATIONS = YES;
				CLANG_WARN_DIRECT_OBJC_ISA_USAGE = YES_ERROR;
				CLANG_WARN_DOCUMENTATION_COMMENTS = YES;
				CLANG_WARN_EMPTY_BODY = YES;
				CLANG_WARN_ENUM_CONVERSION = YES;
				CLANG_WARN_INFINITE_RECURSION = YES;
				CLANG_WARN_INT_CONVERSION = YES;
				CLANG_WARN_NON_LITERAL_NULL_CONVERSION = YES;
				CLANG_WARN_OBJC_IMPLICIT_RETAIN_SELF = YES;
				CLANG_WARN_OBJC_LITERAL_CONVERSION = YES;
				CLANG_WARN_OBJC_ROOT_CLASS = YES_ERROR;
				CLANG_WARN_RANGE_LOOP_ANALYSIS = YES;
				CLANG_WARN_STRICT_PROTOTYPES = YES;
				CLANG_WARN_SUSPICIOUS_MOVE = YES;
				CLANG_WARN_UNGUARDED_AVAILABILITY = YES_AGGRESSIVE;
				CLANG_WARN_UNREACHABLE_CODE = YES;
				CLANG_WARN__DUPLICATE_METHOD_MATCH = YES;
				CODE_SIGN_IDENTITY = "iPhone Developer";
				COPY_PHASE_STRIP = NO;
				DEBUG_INFORMATION_FORMAT = dwarf;
				ENABLE_STRICT_OBJC_MSGSEND = YES;
				ENABLE_TESTABILITY = YES;
				GCC_C_LANGUAGE_STANDARD = gnu11;
				GCC_DYNAMIC_NO_PIC = NO;
				GCC_NO_COMMON_BLOCKS = YES;
				GCC_OPTIMIZATION_LEVEL = 0;
				GCC_PREPROCESSOR_DEFINITIONS = (
					"DEBUG=1",
					"$(inherited)",
				);
				GCC_WARN_64_TO_32_BIT_CONVERSION = YES;
				GCC_WARN_ABOUT_RETURN_TYPE = YES_ERROR;
				GCC_WARN_UNDECLARED_SELECTOR = YES;
				GCC_WARN_UNINITIALIZED_AUTOS = YES_AGGRESSIVE;
				GCC_WARN_UNUSED_FUNCTION = YES;
				GCC_WARN_UNUSED_VARIABLE = YES;
				IPHONEOS_DEPLOYMENT_TARGET = 11.4;
				MTL_ENABLE_DEBUG_INFO = YES;
				ONLY_ACTIVE_ARCH = YES;
				SDKROOT = iphoneos;
				SWIFT_ACTIVE_COMPILATION_CONDITIONS = DEBUG;
				SWIFT_OPTIMIZATION_LEVEL = "-Onone";
			};
			name = Debug;
		};
		33AEDB2C21C3512E00310778 /* Release */ = {
			isa = XCBuildConfiguration;
			buildSettings = {
				ALWAYS_SEARCH_USER_PATHS = NO;
				CLANG_ANALYZER_NONNULL = YES;
				CLANG_ANALYZER_NUMBER_OBJECT_CONVERSION = YES_AGGRESSIVE;
				CLANG_CXX_LANGUAGE_STANDARD = "gnu++14";
				CLANG_CXX_LIBRARY = "libc++";
				CLANG_ENABLE_MODULES = YES;
				CLANG_ENABLE_OBJC_ARC = YES;
				CLANG_ENABLE_OBJC_WEAK = YES;
				CLANG_WARN_BLOCK_CAPTURE_AUTORELEASING = YES;
				CLANG_WARN_BOOL_CONVERSION = YES;
				CLANG_WARN_COMMA = YES;
				CLANG_WARN_CONSTANT_CONVERSION = YES;
				CLANG_WARN_DEPRECATED_OBJC_IMPLEMENTATIONS = YES;
				CLANG_WARN_DIRECT_OBJC_ISA_USAGE = YES_ERROR;
				CLANG_WARN_DOCUMENTATION_COMMENTS = YES;
				CLANG_WARN_EMPTY_BODY = YES;
				CLANG_WARN_ENUM_CONVERSION = YES;
				CLANG_WARN_INFINITE_RECURSION = YES;
				CLANG_WARN_INT_CONVERSION = YES;
				CLANG_WARN_NON_LITERAL_NULL_CONVERSION = YES;
				CLANG_WARN_OBJC_IMPLICIT_RETAIN_SELF = YES;
				CLANG_WARN_OBJC_LITERAL_CONVERSION = YES;
				CLANG_WARN_OBJC_ROOT_CLASS = YES_ERROR;
				CLANG_WARN_RANGE_LOOP_ANALYSIS = YES;
				CLANG_WARN_STRICT_PROTOTYPES = YES;
				CLANG_WARN_SUSPICIOUS_MOVE = YES;
				CLANG_WARN_UNGUARDED_AVAILABILITY = YES_AGGRESSIVE;
				CLANG_WARN_UNREACHABLE_CODE = YES;
				CLANG_WARN__DUPLICATE_METHOD_MATCH = YES;
				CODE_SIGN_IDENTITY = "iPhone Developer";
				COPY_PHASE_STRIP = NO;
				DEBUG_INFORMATION_FORMAT = "dwarf-with-dsym";
				ENABLE_NS_ASSERTIONS = NO;
				ENABLE_STRICT_OBJC_MSGSEND = YES;
				GCC_C_LANGUAGE_STANDARD = gnu11;
				GCC_NO_COMMON_BLOCKS = YES;
				GCC_WARN_64_TO_32_BIT_CONVERSION = YES;
				GCC_WARN_ABOUT_RETURN_TYPE = YES_ERROR;
				GCC_WARN_UNDECLARED_SELECTOR = YES;
				GCC_WARN_UNINITIALIZED_AUTOS = YES_AGGRESSIVE;
				GCC_WARN_UNUSED_FUNCTION = YES;
				GCC_WARN_UNUSED_VARIABLE = YES;
				IPHONEOS_DEPLOYMENT_TARGET = 11.4;
				MTL_ENABLE_DEBUG_INFO = NO;
				SDKROOT = iphoneos;
				SWIFT_COMPILATION_MODE = wholemodule;
				SWIFT_OPTIMIZATION_LEVEL = "-O";
				VALIDATE_PRODUCT = YES;
			};
			name = Release;
		};
		33AEDB2E21C3512E00310778 /* Debug */ = {
			isa = XCBuildConfiguration;
			buildSettings = {
				ASSETCATALOG_COMPILER_APPICON_NAME = AppIcon;
				ASSETCATALOG_COMPILER_LAUNCHIMAGE_NAME = LaunchImage;
				CODE_SIGN_STYLE = Automatic;
				DEVELOPMENT_TEAM = TMUZ2D6KZB;
				INFOPLIST_FILE = StudyDYZB/Info.plist;
				IPHONEOS_DEPLOYMENT_TARGET = 8.0;
				LD_RUNPATH_SEARCH_PATHS = (
					"$(inherited)",
					"@executable_path/Frameworks",
				);
				PRODUCT_BUNDLE_IDENTIFIER = yyk.StudyDYZB;
				PRODUCT_NAME = "$(TARGET_NAME)";
				SWIFT_VERSION = 4.0;
				TARGETED_DEVICE_FAMILY = "1,2";
			};
			name = Debug;
		};
		33AEDB2F21C3512E00310778 /* Release */ = {
			isa = XCBuildConfiguration;
			buildSettings = {
				ASSETCATALOG_COMPILER_APPICON_NAME = AppIcon;
				ASSETCATALOG_COMPILER_LAUNCHIMAGE_NAME = LaunchImage;
				CODE_SIGN_STYLE = Automatic;
				DEVELOPMENT_TEAM = TMUZ2D6KZB;
				INFOPLIST_FILE = StudyDYZB/Info.plist;
				IPHONEOS_DEPLOYMENT_TARGET = 8.0;
				LD_RUNPATH_SEARCH_PATHS = (
					"$(inherited)",
					"@executable_path/Frameworks",
				);
				PRODUCT_BUNDLE_IDENTIFIER = yyk.StudyDYZB;
				PRODUCT_NAME = "$(TARGET_NAME)";
				SWIFT_VERSION = 4.0;
				TARGETED_DEVICE_FAMILY = "1,2";
			};
			name = Release;
		};
/* End XCBuildConfiguration section */

/* Begin XCConfigurationList section */
		33AEDB1621C3512C00310778 /* Build configuration list for PBXProject "StudyDYZB" */ = {
			isa = XCConfigurationList;
			buildConfigurations = (
				33AEDB2B21C3512E00310778 /* Debug */,
				33AEDB2C21C3512E00310778 /* Release */,
			);
			defaultConfigurationIsVisible = 0;
			defaultConfigurationName = Release;
		};
		33AEDB2D21C3512E00310778 /* Build configuration list for PBXNativeTarget "StudyDYZB" */ = {
			isa = XCConfigurationList;
			buildConfigurations = (
				33AEDB2E21C3512E00310778 /* Debug */,
				33AEDB2F21C3512E00310778 /* Release */,
			);
			defaultConfigurationIsVisible = 0;
			defaultConfigurationName = Release;
		};
/* End XCConfigurationList section */
	};
	rootObject = 33AEDB1321C3512C00310778 /* Project object */;
}
